// !$*UTF8*$!
{
	archiveVersion = 1;
	classes = {
	};
	objectVersion = 46;
	objects = {

/* Begin PBXBuildFile section */
		7B8B6BDF1EB1902000F6713A /* AppDelegate.swift in Sources */ = {isa = PBXBuildFile; fileRef = 7B8B6BDE1EB1902000F6713A /* AppDelegate.swift */; };
		7B8B6BE11EB1902000F6713A /* MinimalVC.swift in Sources */ = {isa = PBXBuildFile; fileRef = 7B8B6BE01EB1902000F6713A /* MinimalVC.swift */; };
		7B8B6BE61EB1902000F6713A /* Assets.xcassets in Resources */ = {isa = PBXBuildFile; fileRef = 7B8B6BE51EB1902000F6713A /* Assets.xcassets */; };
		7B8B6BE91EB1902000F6713A /* LaunchScreen.storyboard in Resources */ = {isa = PBXBuildFile; fileRef = 7B8B6BE71EB1902000F6713A /* LaunchScreen.storyboard */; };
		7B8B6BF71EB1908E00F6713A /* ImageCachable.swift in Sources */ = {isa = PBXBuildFile; fileRef = 7B8B6BF61EB1908E00F6713A /* ImageCachable.swift */; };
		7B8B6BFA1EB1909800F6713A /* JSONDownloader.swift in Sources */ = {isa = PBXBuildFile; fileRef = 7B8B6BF81EB1909800F6713A /* JSONDownloader.swift */; };
		7B8B6BFB1EB1909800F6713A /* MovieService.swift in Sources */ = {isa = PBXBuildFile; fileRef = 7B8B6BF91EB1909800F6713A /* MovieService.swift */; };
		7B8B6BFD1EB190A700F6713A /* MovieCell.swift in Sources */ = {isa = PBXBuildFile; fileRef = 7B8B6BFC1EB190A700F6713A /* MovieCell.swift */; };
		7B8B6BFF1EB190AF00F6713A /* Movie.swift in Sources */ = {isa = PBXBuildFile; fileRef = 7B8B6BFE1EB190AF00F6713A /* Movie.swift */; };
/* End PBXBuildFile section */

/* Begin PBXFileReference section */
		7B8B6BDB1EB1902000F6713A /* MinimalVCFinal.app */ = {isa = PBXFileReference; explicitFileType = wrapper.application; includeInIndex = 0; path = MinimalVCFinal.app; sourceTree = BUILT_PRODUCTS_DIR; };
		7B8B6BDE1EB1902000F6713A /* AppDelegate.swift */ = {isa = PBXFileReference; lastKnownFileType = sourcecode.swift; path = AppDelegate.swift; sourceTree = "<group>"; };
		7B8B6BE01EB1902000F6713A /* MinimalVC.swift */ = {isa = PBXFileReference; lastKnownFileType = sourcecode.swift; path = MinimalVC.swift; sourceTree = "<group>"; };
		7B8B6BE51EB1902000F6713A /* Assets.xcassets */ = {isa = PBXFileReference; lastKnownFileType = folder.assetcatalog; path = Assets.xcassets; sourceTree = "<group>"; };
		7B8B6BE81EB1902000F6713A /* Base */ = {isa = PBXFileReference; lastKnownFileType = file.storyboard; name = Base; path = Base.lproj/LaunchScreen.storyboard; sourceTree = "<group>"; };
		7B8B6BEA1EB1902000F6713A /* Info.plist */ = {isa = PBXFileReference; lastKnownFileType = text.plist.xml; path = Info.plist; sourceTree = "<group>"; };
		7B8B6BF61EB1908E00F6713A /* ImageCachable.swift */ = {isa = PBXFileReference; fileEncoding = 4; lastKnownFileType = sourcecode.swift; path = ImageCachable.swift; sourceTree = "<group>"; };
		7B8B6BF81EB1909800F6713A /* JSONDownloader.swift */ = {isa = PBXFileReference; fileEncoding = 4; lastKnownFileType = sourcecode.swift; path = JSONDownloader.swift; sourceTree = "<group>"; };
		7B8B6BF91EB1909800F6713A /* MovieService.swift */ = {isa = PBXFileReference; fileEncoding = 4; lastKnownFileType = sourcecode.swift; path = MovieService.swift; sourceTree = "<group>"; };
		7B8B6BFC1EB190A700F6713A /* MovieCell.swift */ = {isa = PBXFileReference; fileEncoding = 4; lastKnownFileType = sourcecode.swift; path = MovieCell.swift; sourceTree = "<group>"; };
		7B8B6BFE1EB190AF00F6713A /* Movie.swift */ = {isa = PBXFileReference; fileEncoding = 4; lastKnownFileType = sourcecode.swift; path = Movie.swift; sourceTree = "<group>"; };
/* End PBXFileReference section */

/* Begin PBXFrameworksBuildPhase section */
		7B8B6BD81EB1902000F6713A /* Frameworks */ = {
			isa = PBXFrameworksBuildPhase;
			buildActionMask = 2147483647;
			files = (
			);
			runOnlyForDeploymentPostprocessing = 0;
		};
/* End PBXFrameworksBuildPhase section */

/* Begin PBXGroup section */
		7B8B6BD21EB1902000F6713A = {
			isa = PBXGroup;
			children = (
				7B8B6BDD1EB1902000F6713A /* MinimalVCFinal */,
				7B8B6BDC1EB1902000F6713A /* Products */,
			);
			sourceTree = "<group>";
		};
		7B8B6BDC1EB1902000F6713A /* Products */ = {
			isa = PBXGroup;
			children = (
				7B8B6BDB1EB1902000F6713A /* MinimalVCFinal.app */,
			);
			name = Products;
			sourceTree = "<group>";
		};
		7B8B6BDD1EB1902000F6713A /* MinimalVCFinal */ = {
			isa = PBXGroup;
			children = (
				7B8B6BF51EB1908100F6713A /* Protocols */,
				7B8B6BF41EB1907A00F6713A /* Service */,
				7B8B6BF31EB1907400F6713A /* ViewModel */,
				7B8B6BF21EB1906D00F6713A /* Controller */,
				7B8B6BF11EB1906800F6713A /* View */,
				7B8B6BF01EB1906300F6713A /* Model */,
				7B8B6BDE1EB1902000F6713A /* AppDelegate.swift */,
				7B8B6BE51EB1902000F6713A /* Assets.xcassets */,
				7B8B6BE71EB1902000F6713A /* LaunchScreen.storyboard */,
				7B8B6BEA1EB1902000F6713A /* Info.plist */,
			);
			path = MinimalVCFinal;
			sourceTree = "<group>";
		};
		7B8B6BF01EB1906300F6713A /* Model */ = {
			isa = PBXGroup;
			children = (
				7B8B6BFE1EB190AF00F6713A /* Movie.swift */,
			);
			name = Model;
			sourceTree = "<group>";
		};
		7B8B6BF11EB1906800F6713A /* View */ = {
			isa = PBXGroup;
			children = (
				7B8B6BFC1EB190A700F6713A /* MovieCell.swift */,
			);
			name = View;
			sourceTree = "<group>";
		};
		7B8B6BF21EB1906D00F6713A /* Controller */ = {
			isa = PBXGroup;
			children = (
				7B8B6BE01EB1902000F6713A /* MinimalVC.swift */,
			);
			name = Controller;
			sourceTree = "<group>";
		};
		7B8B6BF31EB1907400F6713A /* ViewModel */ = {
			isa = PBXGroup;
			children = (
			);
			name = ViewModel;
			sourceTree = "<group>";
		};
		7B8B6BF41EB1907A00F6713A /* Service */ = {
			isa = PBXGroup;
			children = (
				7B8B6BF81EB1909800F6713A /* JSONDownloader.swift */,
				7B8B6BF91EB1909800F6713A /* MovieService.swift */,
			);
			name = Service;
			sourceTree = "<group>";
		};
		7B8B6BF51EB1908100F6713A /* Protocols */ = {
			isa = PBXGroup;
			children = (
				7B8B6BF61EB1908E00F6713A /* ImageCachable.swift */,
			);
			name = Protocols;
			sourceTree = "<group>";
		};
/* End PBXGroup section */

/* Begin PBXNativeTarget section */
		7B8B6BDA1EB1902000F6713A /* MinimalVCFinal */ = {
			isa = PBXNativeTarget;
			buildConfigurationList = 7B8B6BED1EB1902000F6713A /* Build configuration list for PBXNativeTarget "MinimalVCFinal" */;
			buildPhases = (
				7B8B6BD71EB1902000F6713A /* Sources */,
				7B8B6BD81EB1902000F6713A /* Frameworks */,
				7B8B6BD91EB1902000F6713A /* Resources */,
			);
			buildRules = (
			);
			dependencies = (
			);
			name = MinimalVCFinal;
			productName = MinimalVCFinal;
			productReference = 7B8B6BDB1EB1902000F6713A /* MinimalVCFinal.app */;
			productType = "com.apple.product-type.application";
		};
/* End PBXNativeTarget section */

/* Begin PBXProject section */
		7B8B6BD31EB1902000F6713A /* Project object */ = {
			isa = PBXProject;
			attributes = {
				LastSwiftUpdateCheck = 0810;
				LastUpgradeCheck = 0810;
				ORGANIZATIONNAME = "James Rochabrun";
				TargetAttributes = {
					7B8B6BDA1EB1902000F6713A = {
						CreatedOnToolsVersion = 8.1;
						DevelopmentTeam = ULU46F325W;
						ProvisioningStyle = Automatic;
					};
				};
			};
			buildConfigurationList = 7B8B6BD61EB1902000F6713A /* Build configuration list for PBXProject "MinimalVCFinal" */;
			compatibilityVersion = "Xcode 3.2";
			developmentRegion = English;
			hasScannedForEncodings = 0;
			knownRegions = (
				en,
				Base,
			);
			mainGroup = 7B8B6BD21EB1902000F6713A;
			productRefGroup = 7B8B6BDC1EB1902000F6713A /* Products */;
			projectDirPath = "";
			projectRoot = "";
			targets = (
				7B8B6BDA1EB1902000F6713A /* MinimalVCFinal */,
			);
		};
/* End PBXProject section */

/* Begin PBXResourcesBuildPhase section */
		7B8B6BD91EB1902000F6713A /* Resources */ = {
			isa = PBXResourcesBuildPhase;
			buildActionMask = 2147483647;
			files = (
				7B8B6BE91EB1902000F6713A /* LaunchScreen.storyboard in Resources */,
				7B8B6BE61EB1902000F6713A /* Assets.xcassets in Resources */,
			);
			runOnlyForDeploymentPostprocessing = 0;
		};
/* End PBXResourcesBuildPhase section */

/* Begin PBXSourcesBuildPhase section */
		7B8B6BD71EB1902000F6713A /* Sources */ = {
			isa = PBXSourcesBuildPhase;
			buildActionMask = 2147483647;
			files = (
				7B8B6BFF1EB190AF00F6713A /* Movie.swift in Sources */,
				7B8B6BFA1EB1909800F6713A /* JSONDownloader.swift in Sources */,
				7B8B6BE11EB1902000F6713A /* MinimalVC.swift in Sources */,
				7B8B6BFD1EB190A700F6713A /* MovieCell.swift in Sources */,
				7B8B6BF71EB1908E00F6713A /* ImageCachable.swift in Sources */,
				7B8B6BDF1EB1902000F6713A /* AppDelegate.swift in Sources */,
				7B8B6BFB1EB1909800F6713A /* MovieService.swift in Sources */,
			);
			runOnlyForDeploymentPostprocessing = 0;
		};
/* End PBXSourcesBuildPhase section */

/* Begin PBXVariantGroup section */
		7B8B6BE71EB1902000F6713A /* LaunchScreen.storyboard */ = {
			isa = PBXVariantGroup;
			children = (
				7B8B6BE81EB1902000F6713A /* Base */,
			);
			name = LaunchScreen.storyboard;
			sourceTree = "<group>";
		};
/* End PBXVariantGroup section */

/* Begin XCBuildConfiguration section */
		7B8B6BEB1EB1902000F6713A /* Debug */ = {
			isa = XCBuildConfiguration;
			buildSettings = {
				ALWAYS_SEARCH_USER_PATHS = NO;
				CLANG_ANALYZER_NONNULL = YES;
				CLANG_CXX_LANGUAGE_STANDARD = "gnu++0x";
				CLANG_CXX_LIBRARY = "libc++";
				CLANG_ENABLE_MODULES = YES;
				CLANG_ENABLE_OBJC_ARC = YES;
				CLANG_WARN_BOOL_CONVERSION = YES;
				CLANG_WARN_CONSTANT_CONVERSION = YES;
				CLANG_WARN_DIRECT_OBJC_ISA_USAGE = YES_ERROR;
				CLANG_WARN_DOCUMENTATION_COMMENTS = YES;
				CLANG_WARN_EMPTY_BODY = YES;
				CLANG_WARN_ENUM_CONVERSION = YES;
				CLANG_WARN_INFINITE_RECURSION = YES;
				CLANG_WARN_INT_CONVERSION = YES;
				CLANG_WARN_OBJC_ROOT_CLASS = YES_ERROR;
				CLANG_WARN_SUSPICIOUS_MOVES = YES;
				CLANG_WARN_UNREACHABLE_CODE = YES;
				CLANG_WARN__DUPLICATE_METHOD_MATCH = YES;
				"CODE_SIGN_IDENTITY[sdk=iphoneos*]" = "iPhone Developer";
				COPY_PHASE_STRIP = NO;
				DEBUG_INFORMATION_FORMAT = dwarf;
				ENABLE_STRICT_OBJC_MSGSEND = YES;
				ENABLE_TESTABILITY = YES;
				GCC_C_LANGUAGE_STANDARD = gnu99;
				GCC_DYNAMIC_NO_PIC = NO;
				GCC_NO_COMMON_BLOCKS = YES;
				GCC_OPTIMIZATION_LEVEL = 0;
				GCC_PREPROCESSOR_DEFINITIONS = (
					"DEBUG=1",
					"$(inherited)",
				);
				GCC_WARN_64_TO_32_BIT_CONVERSION = YES;
				GCC_WARN_ABOUT_RETURN_TYPE = YES_ERROR;
				GCC_WARN_UNDECLARED_SELECTOR = YES;
				GCC_WARN_UNINITIALIZED_AUTOS = YES_AGGRESSIVE;
				GCC_WARN_UNUSED_FUNCTION = YES;
				GCC_WARN_UNUSED_VARIABLE = YES;
				IPHONEOS_DEPLOYMENT_TARGET = 10.1;
				MTL_ENABLE_DEBUG_INFO = YES;
				ONLY_ACTIVE_ARCH = YES;
				SDKROOT = iphoneos;
				SWIFT_ACTIVE_COMPILATION_CONDITIONS = DEBUG;
				SWIFT_OPTIMIZATION_LEVEL = "-Onone";
				TARGETED_DEVICE_FAMILY = "1,2";
			};
			name = Debug;
		};
		7B8B6BEC1EB1902000F6713A /* Release */ = {
			isa = XCBuildConfiguration;
			buildSettings = {
				ALWAYS_SEARCH_USER_PATHS = NO;
				CLANG_ANALYZER_NONNULL = YES;
				CLANG_CXX_LANGUAGE_STANDARD = "gnu++0x";
				CLANG_CXX_LIBRARY = "libc++";
				CLANG_ENABLE_MODULES = YES;
				CLANG_ENABLE_OBJC_ARC = YES;
				CLANG_WARN_BOOL_CONVERSION = YES;
				CLANG_WARN_CONSTANT_CONVERSION = YES;
				CLANG_WARN_DIRECT_OBJC_ISA_USAGE = YES_ERROR;
				CLANG_WARN_DOCUMENTATION_COMMENTS = YES;
				CLANG_WARN_EMPTY_BODY = YES;
				CLANG_WARN_ENUM_CONVERSION = YES;
				CLANG_WARN_INFINITE_RECURSION = YES;
				CLANG_WARN_INT_CONVERSION = YES;
				CLANG_WARN_OBJC_ROOT_CLASS = YES_ERROR;
				CLANG_WARN_SUSPICIOUS_MOVES = YES;
				CLANG_WARN_UNREACHABLE_CODE = YES;
				CLANG_WARN__DUPLICATE_METHOD_MATCH = YES;
				"CODE_SIGN_IDENTITY[sdk=iphoneos*]" = "iPhone Developer";
				COPY_PHASE_STRIP = NO;
				DEBUG_INFORMATION_FORMAT = "dwarf-with-dsym";
				ENABLE_NS_ASSERTIONS = NO;
				ENABLE_STRICT_OBJC_MSGSEND = YES;
				GCC_C_LANGUAGE_STANDARD = gnu99;
				GCC_NO_COMMON_BLOCKS = YES;
				GCC_WARN_64_TO_32_BIT_CONVERSION = YES;
				GCC_WARN_ABOUT_RETURN_TYPE = YES_ERROR;
				GCC_WARN_UNDECLARED_SELECTOR = YES;
				GCC_WARN_UNINITIALIZED_AUTOS = YES_AGGRESSIVE;
				GCC_WARN_UNUSED_FUNCTION = YES;
				GCC_WARN_UNUSED_VARIABLE = YES;
				IPHONEOS_DEPLOYMENT_TARGET = 10.1;
				MTL_ENABLE_DEBUG_INFO = NO;
				SDKROOT = iphoneos;
				SWIFT_OPTIMIZATION_LEVEL = "-Owholemodule";
				TARGETED_DEVICE_FAMILY = "1,2";
				VALIDATE_PRODUCT = YES;
			};
			name = Release;
		};
		7B8B6BEE1EB1902000F6713A /* Debug */ = {
			isa = XCBuildConfiguration;
			buildSettings = {
				ASSETCATALOG_COMPILER_APPICON_NAME = AppIcon;
				DEVELOPMENT_TEAM = ULU46F325W;
				INFOPLIST_FILE = MinimalVCFinal/Info.plist;
				LD_RUNPATH_SEARCH_PATHS = "$(inherited) @executable_path/Frameworks";
				PRODUCT_BUNDLE_IDENTIFIER = com.speedelo.MinimalVCFinal;
				PRODUCT_NAME = "$(TARGET_NAME)";
				SWIFT_VERSION = 3.0;
			};
			name = Debug;
		};
		7B8B6BEF1EB1902000F6713A /* Release */ = {
			isa = XCBuildConfiguration;
			buildSettings = {
				ASSETCATALOG_COMPILER_APPICON_NAME = AppIcon;
				DEVELOPMENT_TEAM = ULU46F325W;
				INFOPLIST_FILE = MinimalVCFinal/Info.plist;
				LD_RUNPATH_SEARCH_PATHS = "$(inherited) @executable_path/Frameworks";
				PRODUCT_BUNDLE_IDENTIFIER = com.speedelo.MinimalVCFinal;
				PRODUCT_NAME = "$(TARGET_NAME)";
				SWIFT_VERSION = 3.0;
			};
			name = Release;
		};
/* End XCBuildConfiguration section */

/* Begin XCConfigurationList section */
		7B8B6BD61EB1902000F6713A /* Build configuration list for PBXProject "MinimalVCFinal" */ = {
			isa = XCConfigurationList;
			buildConfigurations = (
				7B8B6BEB1EB1902000F6713A /* Debug */,
				7B8B6BEC1EB1902000F6713A /* Release */,
			);
			defaultConfigurationIsVisible = 0;
			defaultConfigurationName = Release;
		};
		7B8B6BED1EB1902000F6713A /* Build configuration list for PBXNativeTarget "MinimalVCFinal" */ = {
			isa = XCConfigurationList;
			buildConfigurations = (
				7B8B6BEE1EB1902000F6713A /* Debug */,
				7B8B6BEF1EB1902000F6713A /* Release */,
			);
			defaultConfigurationIsVisible = 0;
		};
/* End XCConfigurationList section */
	};
	rootObject = 7B8B6BD31EB1902000F6713A /* Project object */;
}
